# @generated - this file is auto-generated by `mise lock` https://mise.en.dev/dev-tools/mise-lock.html

[[tools.act]]
version = "0.2.89"
backend = "aqua:nektos/act"

[tools.act."platforms.linux-arm64"]
checksum = "sha256:daa8679ba9615a74d2d0cec321dc593f21948a2a11bb65862b063d8b930f4bcb"
url = "https://github.com/nektos/act/releases/download/v0.2.89/act_Linux_arm64.tar.gz"

[tools.act."platforms.linux-arm64-musl"]
checksum = "sha256:daa8679ba9615a74d2d0cec321dc593f21948a2a11bb65862b063d8b930f4bcb"
url = "https://github.com/nektos/act/releases/download/v0.2.89/act_Linux_arm64.tar.gz"

[tools.act."platforms.linux-x64"]
checksum = "sha256:0191d6f1f3b716b5c55820032605d05fc3c1cdbf581ebeff655019e5dd1524c0"
url = "https://github.com/nektos/act/releases/download/v0.2.89/act_Linux_x86_64.tar.gz"

[tools.act."platforms.linux-x64-musl"]
checksum = "sha256:0191d6f1f3b716b5c55820032605d05fc3c1cdbf581ebeff655019e5dd1524c0"
url = "https://github.com/nektos/act/releases/download/v0.2.89/act_Linux_x86_64.tar.gz"

[tools.act."platforms.macos-arm64"]
checksum = "sha256:48ae218af96725f7635a66de2b87e1e346893b02add0f16b92f560296b2151fc"
url = "https://github.com/nektos/act/releases/download/v0.2.89/act_Darwin_arm64.tar.gz"

[tools.act."platforms.macos-x64"]
checksum = "sha256:41b31488e7c254baec31cce12c7dade3e35973b8a31b9486206ad43f233d814e"
url = "https://github.com/nektos/act/releases/download/v0.2.89/act_Darwin_x86_64.tar.gz"

[tools.act."platforms.windows-x64"]
checksum = "sha256:0f8cf866ad7e32421a219fc551a0a0ea5d12ead464de12ebfeafd334a5973b50"
url = "https://github.com/nektos/act/releases/download/v0.2.89/act_Windows_x86_64.zip"

[[tools.uv]]
version = "0.12.1"
backend = "aqua:astral-sh/uv"

[tools.uv."platforms.linux-arm64"]
checksum = "sha256:ce218dad9eb48a39dd86160bec6291fac7275f20a9cabcc4bc10dd2c757208f8"
url = "https://github.com/astral-sh/uv/releases/download/0.12.1/uv-aarch64-unknown-linux-musl.tar.gz"
provenance = "github-attestations"

[tools.uv."platforms.linux-arm64-musl"]
checksum = "sha256:ce218dad9eb48a39dd86160bec6291fac7275f20a9cabcc4bc10dd2c757208f8"
url = "https://github.com/astral-sh/uv/releases/download/0.12.1/uv-aarch64-unknown-linux-musl.tar.gz"
provenance = "github-attestations"

[tools.uv."platforms.linux-x64"]
checksum = "sha256:47823f814693bab8623308341369190de30b5c621eec5b1ee20352eae8c7982c"
url = "https://github.com/astral-sh/uv/releases/download/0.12.1/uv-x86_64-unknown-linux-musl.tar.gz"
provenance = "github-attestations"

[tools.uv."platforms.linux-x64-musl"]
checksum = "sha256:47823f814693bab8623308341369190de30b5c621eec5b1ee20352eae8c7982c"
url = "https://github.com/astral-sh/uv/releases/download/0.12.1/uv-x86_64-unknown-linux-musl.tar.gz"
provenance = "github-attestations"

[tools.uv."platforms.macos-arm64"]
checksum = "sha256:77d2906988e8074fd43f2f329ec452ebbf9b0c257ba1c66451c71de70a6baf42"
url = "https://github.com/astral-sh/uv/releases/download/0.12.1/uv-aarch64-apple-darwin.tar.gz"
provenance = "github-attestations"

[tools.uv."platforms.macos-x64"]
checksum = "sha256:69d9f9a00337f25a50dcb13882052da08b8469bac11091c98c5694c3c6721467"
url = "https://github.com/astral-sh/uv/releases/download/0.12.1/uv-x86_64-apple-darwin.tar.gz"
provenance = "github-attestations"

[tools.uv."platforms.windows-x64"]
checksum = "sha256:8fcb0cb46e1229065e344758980924e569bef5882ef45f46fada8fb24e06b74a"
url = "https://github.com/astral-sh/uv/releases/download/0.12.1/uv-x86_64-pc-windows-msvc.zip"
provenance = "github-attestations"

[[tools.zizmor]]
version = "1.28.0"
backend = "aqua:zizmorcore/zizmor"

[tools.zizmor."platforms.linux-arm64"]
checksum = "sha256:324e43770cfacf4216f8aefb287263b5b5c733c85b03bf7583b5cc4a0460239e"
url = "https://github.com/zizmorcore/zizmor/releases/download/v1.28.0/zizmor-aarch64-unknown-linux-gnu.tar.gz"
provenance = "github-attestations"

[tools.zizmor."platforms.linux-arm64-musl"]
provenance = "github-attestations"

[tools.zizmor."platforms.linux-x64"]
checksum = "sha256:e87b67160194884e375a46a12c57ccc904f762b53845f254fab7f17d98809c09"
url = "https://github.com/zizmorcore/zizmor/releases/download/v1.28.0/zizmor-x86_64-unknown-linux-gnu.tar.gz"
provenance = "github-attestations"

[tools.zizmor."platforms.linux-x64-musl"]
provenance = "github-attestations"

[tools.zizmor."platforms.macos-arm64"]
checksum = "sha256:54949bbd6b4c8527046bb8990bac9e0dab3eec787640f4e6199ae121dd1040be"
url = "https://github.com/zizmorcore/zizmor/releases/download/v1.28.0/zizmor-aarch64-apple-darwin.tar.gz"
provenance = "github-attestations"

[tools.zizmor."platforms.macos-x64"]
checksum = "sha256:40a58d8560d65c71357b3977d0da425773bf8f10bf1ffd38099d963d3afdf3aa"
url = "https://github.com/zizmorcore/zizmor/releases/download/v1.28.0/zizmor-x86_64-apple-darwin.tar.gz"
provenance = "github-attestations"

[tools.zizmor."platforms.windows-x64"]
checksum = "sha256:06e5b2345323201ed4c55897651862fee3b43f79ddced799f1236f0f0d1c1c0f"
url = "https://github.com/zizmorcore/zizmor/releases/download/v1.28.0/zizmor-x86_64-pc-windows-msvc.zip"
provenance = "github-attestations"
